<?xml version="1.0" encoding="utf-8"?>
<Project ToolsVersion="4.0" xmlns="http://schemas.microsoft.com/developer/msbuild/2003">
  <ItemGroup>
    <Filter Include="Pliki źródłowe">
      <UniqueIdentifier>{4FC737F1-C7A5-4376-A066-2A32D752A2FF}</UniqueIdentifier>
      <Extensions>cpp;c;cc;cxx;c++;cppm;ixx;def;odl;idl;hpj;bat;asm;asmx</Extensions>
    </Filter>
    <Filter Include="Pliki nagłówkowe">
      <UniqueIdentifier>{93995380-89BD-4b04-88EB-625FBE52EBFB}</UniqueIdentifier>
      <Extensions>h;hh;hpp;hxx;h++;hm;inl;inc;ipp;xsd</Extensions>
    </Filter>
    <Filter Include="Pliki zasobów">
      <UniqueIdentifier>{67DA6AB6-F800-4c08-8B7A-83BB121AAD01}</UniqueIdentifier>
      <Extensions>rc;ico;cur;bmp;dlg;rc2;rct;bin;rgs;gif;jpg;jpeg;jpe;resx;tiff;tif;png;wav;mfcribbon-ms</Extensions>
    </Filter>
    <Filter Include="Pliki źródłowe\services">
      <UniqueIdentifier>{51d696b9-b653-4bc0-9f4a-d9dfa1643226}</UniqueIdentifier>
    </Filter>
    <Filter Include="Pliki nagłówkowe\services">
      <UniqueIdentifier>{3b9071df-4494-49d5-accb-64b7ab4685a0}</UniqueIdentifier>
    </Filter>
    <Filter Include="Pliki źródłowe\models">
      <UniqueIdentifier>{b6ba51f4-2db9-4d6b-8b8d-0322f69aa926}</UniqueIdentifier>
    </Filter>
    <Filter Include="Pliki nagłówkowe\models">
      <UniqueIdentifier>{054572ec-44f7-4133-82ff-ba38ff4a78ff}</UniqueIdentifier>
    </Filter>
  </ItemGroup>
  <ItemGroup>
    <ClCompile Include="Testy_UAR.cpp">
      <Filter>Pliki źródłowe</Filter>
    </ClCompile>
    <ClCompile Include="ModelARX.cpp">
      <Filter>Pliki źródłowe\models</Filter>
    </ClCompile>
    <ClCompile Include="RegulatorPID.cpp">
      <Filter>Pliki źródłowe\models</Filter>
    </ClCompile>
    <ClCompile Include="ProstyUAR.cpp">
      <Filter>Pliki źródłowe\services</Filter>
    </ClCompile>
    <ClCompile Include="Symulacja.cpp">
      <Filter>Pliki źródłowe\services</Filter>
    </ClCompile>
    <ClCompile Include="GeneratorWartosciZadanej.cpp">
      <Filter>Pliki źródłowe\models</Filter>
    </ClCompile>
    <ClCompile Include="TestyDodatkowe.cpp">
      <Filter>Pliki źródłowe</Filter>
    </ClCompile>
    <ClCompile Include="KlasaUslugowa.cpp">
      <Filter>Pliki źródłowe\services</Filter>
    </ClCompile>
  </ItemGroup>
  <ItemGroup>
    <ClInclude Include="ModelARX.h">
      <Filter>Pliki nagłówkowe\models</Filter>
    </ClInclude>
    <ClInclude Include="RegulatorPID.h">
      <Filter>Pliki nagłówkowe\models</Filter>
    </ClInclude>
    <ClInclude Include="ProstyUAR.h">
      <Filter>Pliki nagłówkowe\services</Filter>
    </ClInclude>
    <ClInclude Include="Symulacja.h">
      <Filter>Pliki nagłówkowe\services</Filter>
    </ClInclude>
    <ClInclude Include="GeneratorWartosciZadanej.h">
      <Filter>Pliki nagłówkowe\models</Filter>
    </ClInclude>
    <ClInclude Include="TestyDodatkowe.h">
      <Filter>Pliki nagłówkowe</Filter>
    </ClInclude>
    <ClInclude Include="KlasaUslugowa.h">
      <Filter>Pliki nagłówkowe\services</Filter>
    </ClInclude>
  </ItemGroup>
</Project>